
Microsoft Visual Studio Solution File, Format Version 12.00
# Visual Studio 2013
VisualStudioVersion = 12.0.21005.1
MinimumVisualStudioVersion = 10.0.40219.1
Project("{FAE04EC0-301F-11D3-BF4B-00C04F79EFBC}") = "Cardgame2", "Cardgame2\Cardgame2.csproj", "{0FE06FED-E1C3-4F25-81C4-EBE5F35CC9DF}"
EndProject
Global
	GlobalSection(SolutionConfigurationPlatforms) = preSolution
		Debug|Any CPU = Debug|Any CPU
		Release|Any CPU = Release|Any CPU
	EndGlobalSection
	GlobalSection(ProjectConfigurationPlatforms) = postSolution
		{0FE06FED-E1C3-4F25-81C4-EBE5F35CC9DF}.Debug|Any CPU.ActiveCfg = Debug|Any CPU
		{0FE06FED-E1C3-4F25-81C4-EBE5F35CC9DF}.Debug|Any CPU.Build.0 = Debug|Any CPU
		{0FE06FED-E1C3-4F25-81C4-EBE5F35CC9DF}.Release|Any CPU.ActiveCfg = Release|Any CPU
		{0FE06FED-E1C3-4F25-81C4-EBE5F35CC9DF}.Release|Any CPU.Build.0 = Release|Any CPU
	EndGlobalSection
	GlobalSection(SolutionProperties) = preSolution
		HideSolutionNode = FALSE
	EndGlobalSection
EndGlobal
